
Microsoft Visual Studio Solution File, Format Version 12.00
# Visual Studio Version 17
VisualStudioVersion = 17.1.32319.34
MinimumVisualStudioVersion = 10.0.40219.1
Project("{9A19103F-16F7-4668-BE54-9A1E7A4F7556}") = "Sopra.Labs.ConsoleApp1", "Sopra.Labs.ConsoleApp1\Sopra.Labs.ConsoleApp1.csproj", "{8DE2A2FF-CC69-40BF-B489-3839A7A7511C}"
EndProject
Project("{9A19103F-16F7-4668-BE54-9A1E7A4F7556}") = "Sopra.Labs.ConsoleApp2", "Sopra.Labs.ConsoleApp2\Sopra.Labs.ConsoleApp2.csproj", "{B05D8C5B-5D18-4CC1-B1FE-771FB836ADD4}"
EndProject
Project("{9A19103F-16F7-4668-BE54-9A1E7A4F7556}") = "Sopra.Labs.ConsoleApp3", "Demo.SopraSteria.ConsoleApp3\Sopra.Labs.ConsoleApp3.csproj", "{92040D12-FC62-4762-BD77-9EFD060D58E1}"
EndProject
Project("{FAE04EC0-301F-11D3-BF4B-00C04F79EFBC}") = "Sopra.Labs.WebApplication1", "Sopra.Labs.WebApplication1\Sopra.Labs.WebApplication1.csproj", "{0220CB81-99FC-491B-866F-93CC4D1986E3}"
EndProject
Global
	GlobalSection(SolutionConfigurationPlatforms) = preSolution
		Debug|Any CPU = Debug|Any CPU
		Release|Any CPU = Release|Any CPU
	EndGlobalSection
	GlobalSection(ProjectConfigurationPlatforms) = postSolution
		{8DE2A2FF-CC69-40BF-B489-3839A7A7511C}.Debug|Any CPU.ActiveCfg = Debug|Any CPU
		{8DE2A2FF-CC69-40BF-B489-3839A7A7511C}.Debug|Any CPU.Build.0 = Debug|Any CPU
		{8DE2A2FF-CC69-40BF-B489-3839A7A7511C}.Release|Any CPU.ActiveCfg = Release|Any CPU
		{8DE2A2FF-CC69-40BF-B489-3839A7A7511C}.Release|Any CPU.Build.0 = Release|Any CPU
		{B05D8C5B-5D18-4CC1-B1FE-771FB836ADD4}.Debug|Any CPU.ActiveCfg = Debug|Any CPU
		{B05D8C5B-5D18-4CC1-B1FE-771FB836ADD4}.Debug|Any CPU.Build.0 = Debug|Any CPU
		{B05D8C5B-5D18-4CC1-B1FE-771FB836ADD4}.Release|Any CPU.ActiveCfg = Release|Any CPU
		{B05D8C5B-5D18-4CC1-B1FE-771FB836ADD4}.Release|Any CPU.Build.0 = Release|Any CPU
		{92040D12-FC62-4762-BD77-9EFD060D58E1}.Debug|Any CPU.ActiveCfg = Debug|Any CPU
		{92040D12-FC62-4762-BD77-9EFD060D58E1}.Debug|Any CPU.Build.0 = Debug|Any CPU
		{92040D12-FC62-4762-BD77-9EFD060D58E1}.Release|Any CPU.ActiveCfg = Release|Any CPU
		{92040D12-FC62-4762-BD77-9EFD060D58E1}.Release|Any CPU.Build.0 = Release|Any CPU
		{0220CB81-99FC-491B-866F-93CC4D1986E3}.Debug|Any CPU.ActiveCfg = Debug|Any CPU
		{0220CB81-99FC-491B-866F-93CC4D1986E3}.Debug|Any CPU.Build.0 = Debug|Any CPU
		{0220CB81-99FC-491B-866F-93CC4D1986E3}.Release|Any CPU.ActiveCfg = Release|Any CPU
		{0220CB81-99FC-491B-866F-93CC4D1986E3}.Release|Any CPU.Build.0 = Release|Any CPU
	EndGlobalSection
	GlobalSection(SolutionProperties) = preSolution
		HideSolutionNode = FALSE
	EndGlobalSection
	GlobalSection(ExtensibilityGlobals) = postSolution
		SolutionGuid = {1C0A106A-74D7-4F60-BA23-7CF82DAD54B8}
	EndGlobalSection
EndGlobal
